
Microsoft Visual Studio Solution File, Format Version 12.00
# Visual Studio Version 16
VisualStudioVersion = 16.0.33214.272
MinimumVisualStudioVersion = 10.0.40219.1
Project("{FAE04EC0-301F-11D3-BF4B-00C04F79EFBC}") = "mission9_dprodigy", "mission9_dprodigy\mission9_dprodigy.csproj", "{635F7DCD-A0F5-4A7F-9EEE-7BAC357F0499}"
EndProject
Global
	GlobalSection(SolutionConfigurationPlatforms) = preSolution
		Debug|Any CPU = Debug|Any CPU
		Release|Any CPU = Release|Any CPU
	EndGlobalSection
	GlobalSection(ProjectConfigurationPlatforms) = postSolution
		{635F7DCD-A0F5-4A7F-9EEE-7BAC357F0499}.Debug|Any CPU.ActiveCfg = Debug|Any CPU
		{635F7DCD-A0F5-4A7F-9EEE-7BAC357F0499}.Debug|Any CPU.Build.0 = Debug|Any CPU
		{635F7DCD-A0F5-4A7F-9EEE-7BAC357F0499}.Release|Any CPU.ActiveCfg = Release|Any CPU
		{635F7DCD-A0F5-4A7F-9EEE-7BAC357F0499}.Release|Any CPU.Build.0 = Release|Any CPU
	EndGlobalSection
	GlobalSection(SolutionProperties) = preSolution
		HideSolutionNode = FALSE
	EndGlobalSection
	GlobalSection(ExtensibilityGlobals) = postSolution
		SolutionGuid = {77EBDBFF-FC64-46C1-80A4-9F25E0A8F5AF}
	EndGlobalSection
EndGlobal
